
Microsoft Visual Studio Solution File, Format Version 12.00
# Visual Studio Version 17
VisualStudioVersion = 17.14.36518.9 d17.14
MinimumVisualStudioVersion = 10.0.40219.1
Project("{FAE04EC0-301F-11D3-BF4B-00C04F79EFBC}") = "PokeCore.DesktopUI", "PokeCore\PokeCore.DesktopUI.csproj", "{A9E1D50E-7CC7-478B-A7D5-241E9B23AD85}"
EndProject
Project("{FAE04EC0-301F-11D3-BF4B-00C04F79EFBC}") = "PokeCore.DTO", "PokeCore.DTO\PokeCore.DTO.csproj", "{4D26FC14-D554-4B55-8243-F28F4590874B}"
EndProject
Project("{FAE04EC0-301F-11D3-BF4B-00C04F79EFBC}") = "PokeCore.BLL", "PokeCore.BLL\PokeCore.BLL.csproj", "{688E1AF3-DA16-4446-8C2B-31AEE9EA5B73}"
EndProject
Project("{FAE04EC0-301F-11D3-BF4B-00C04F79EFBC}") = "PokeCore.DAL", "PokeCore.DAL\PokeCore.DAL.csproj", "{2CE5F85B-85DE-426B-893C-1C6749A46D0D}"
EndProject
Project("{FAE04EC0-301F-11D3-BF4B-00C04F79EFBC}") = "PokeCore.Utils", "PokeCore.Utils\PokeCore.Utils.csproj", "{79C57292-AC8B-492B-B01F-622A67D4A655}"
EndProject
Global
	GlobalSection(SolutionConfigurationPlatforms) = preSolution
		Debug|Any CPU = Debug|Any CPU
		Release|Any CPU = Release|Any CPU
	EndGlobalSection
	GlobalSection(ProjectConfigurationPlatforms) = postSolution
		{A9E1D50E-7CC7-478B-A7D5-241E9B23AD85}.Debug|Any CPU.ActiveCfg = Debug|Any CPU
		{A9E1D50E-7CC7-478B-A7D5-241E9B23AD85}.Debug|Any CPU.Build.0 = Debug|Any CPU
		{A9E1D50E-7CC7-478B-A7D5-241E9B23AD85}.Release|Any CPU.ActiveCfg = Release|Any CPU
		{A9E1D50E-7CC7-478B-A7D5-241E9B23AD85}.Release|Any CPU.Build.0 = Release|Any CPU
		{4D26FC14-D554-4B55-8243-F28F4590874B}.Debug|Any CPU.ActiveCfg = Debug|Any CPU
		{4D26FC14-D554-4B55-8243-F28F4590874B}.Debug|Any CPU.Build.0 = Debug|Any CPU
		{4D26FC14-D554-4B55-8243-F28F4590874B}.Release|Any CPU.ActiveCfg = Release|Any CPU
		{4D26FC14-D554-4B55-8243-F28F4590874B}.Release|Any CPU.Build.0 = Release|Any CPU
		{688E1AF3-DA16-4446-8C2B-31AEE9EA5B73}.Debug|Any CPU.ActiveCfg = Debug|Any CPU
		{688E1AF3-DA16-4446-8C2B-31AEE9EA5B73}.Debug|Any CPU.Build.0 = Debug|Any CPU
		{688E1AF3-DA16-4446-8C2B-31AEE9EA5B73}.Release|Any CPU.ActiveCfg = Release|Any CPU
		{688E1AF3-DA16-4446-8C2B-31AEE9EA5B73}.Release|Any CPU.Build.0 = Release|Any CPU
		{2CE5F85B-85DE-426B-893C-1C6749A46D0D}.Debug|Any CPU.ActiveCfg = Debug|Any CPU
		{2CE5F85B-85DE-426B-893C-1C6749A46D0D}.Debug|Any CPU.Build.0 = Debug|Any CPU
		{2CE5F85B-85DE-426B-893C-1C6749A46D0D}.Release|Any CPU.ActiveCfg = Release|Any CPU
		{2CE5F85B-85DE-426B-893C-1C6749A46D0D}.Release|Any CPU.Build.0 = Release|Any CPU
		{79C57292-AC8B-492B-B01F-622A67D4A655}.Debug|Any CPU.ActiveCfg = Debug|Any CPU
		{79C57292-AC8B-492B-B01F-622A67D4A655}.Debug|Any CPU.Build.0 = Debug|Any CPU
		{79C57292-AC8B-492B-B01F-622A67D4A655}.Release|Any CPU.ActiveCfg = Release|Any CPU
		{79C57292-AC8B-492B-B01F-622A67D4A655}.Release|Any CPU.Build.0 = Release|Any CPU
	EndGlobalSection
	GlobalSection(SolutionProperties) = preSolution
		HideSolutionNode = FALSE
	EndGlobalSection
	GlobalSection(ExtensibilityGlobals) = postSolution
		SolutionGuid = {9CCADD67-DA32-4746-BE50-632DB0059EBE}
	EndGlobalSection
EndGlobal
